
Microsoft Visual Studio Solution File, Format Version 12.00
# Visual Studio Version 17
VisualStudioVersion = 17.6.33801.468
MinimumVisualStudioVersion = 10.0.40219.1
Project("{FAE04EC0-301F-11D3-BF4B-00C04F79EFBC}") = "Serialization", "Serialization\Serialization.csproj", "{EDEDF053-A3E6-49CD-ABCF-2A292450A56F}"
EndProject
Global
	GlobalSection(SolutionConfigurationPlatforms) = preSolution
		Debug|Any CPU = Debug|Any CPU
		Release|Any CPU = Release|Any CPU
	EndGlobalSection
	GlobalSection(ProjectConfigurationPlatforms) = postSolution
		{EDEDF053-A3E6-49CD-ABCF-2A292450A56F}.Debug|Any CPU.ActiveCfg = Debug|Any CPU
		{EDEDF053-A3E6-49CD-ABCF-2A292450A56F}.Debug|Any CPU.Build.0 = Debug|Any CPU
		{EDEDF053-A3E6-49CD-ABCF-2A292450A56F}.Release|Any CPU.ActiveCfg = Release|Any CPU
		{EDEDF053-A3E6-49CD-ABCF-2A292450A56F}.Release|Any CPU.Build.0 = Release|Any CPU
	EndGlobalSection
	GlobalSection(SolutionProperties) = preSolution
		HideSolutionNode = FALSE
	EndGlobalSection
	GlobalSection(ExtensibilityGlobals) = postSolution
		SolutionGuid = {E3F0F160-1281-405A-B0B5-740FD790B7B8}
	EndGlobalSection
EndGlobal
